
Microsoft Visual Studio Solution File, Format Version 12.00
# Visual Studio Version 16
VisualStudioVersion = 16.0.29709.97
MinimumVisualStudioVersion = 10.0.40219.1
Project("{9A19103F-16F7-4668-BE54-9A1E7A4F7556}") = "ADNCWebpackBoilerplate", "ADNCWebpackBoilerplate\ADNCWebpackBoilerplate.csproj", "{ACBEC71E-5761-4325-9BC6-56B1CA194450}"
EndProject
Global
	GlobalSection(SolutionConfigurationPlatforms) = preSolution
		Debug|Any CPU = Debug|Any CPU
		Release|Any CPU = Release|Any CPU
	EndGlobalSection
	GlobalSection(ProjectConfigurationPlatforms) = postSolution
		{ACBEC71E-5761-4325-9BC6-56B1CA194450}.Debug|Any CPU.ActiveCfg = Debug|Any CPU
		{ACBEC71E-5761-4325-9BC6-56B1CA194450}.Debug|Any CPU.Build.0 = Debug|Any CPU
		{ACBEC71E-5761-4325-9BC6-56B1CA194450}.Release|Any CPU.ActiveCfg = Release|Any CPU
		{ACBEC71E-5761-4325-9BC6-56B1CA194450}.Release|Any CPU.Build.0 = Release|Any CPU
	EndGlobalSection
	GlobalSection(SolutionProperties) = preSolution
		HideSolutionNode = FALSE
	EndGlobalSection
	GlobalSection(ExtensibilityGlobals) = postSolution
		SolutionGuid = {EE23A63D-D20E-4871-B456-18BEF42C5AE1}
	EndGlobalSection
EndGlobal
